
Microsoft Visual Studio Solution File, Format Version 12.00
# Visual Studio Version 17
VisualStudioVersion = 17.11.35219.272
MinimumVisualStudioVersion = 10.0.40219.1
Project("{2150E333-8FDC-42A3-9474-1A3956D46DE8}") = "src", "src", "{D1F456FE-6599-4657-B881-2D2BF6A1C146}"
EndProject
Project("{2150E333-8FDC-42A3-9474-1A3956D46DE8}") = "01-Domain", "01-Domain", "{112B74E4-6784-47DC-926B-0132C12A71DF}"
EndProject
Project("{2150E333-8FDC-42A3-9474-1A3956D46DE8}") = "02-Infrastructures", "02-Infrastructures", "{0512A131-476B-4BE1-9CDB-35E71AD9A474}"
EndProject
Project("{2150E333-8FDC-42A3-9474-1A3956D46DE8}") = "03-EndPoints", "03-EndPoints", "{4B792AF0-6FB1-4791-BDAB-2E45E96DE46C}"
EndProject
Project("{2150E333-8FDC-42A3-9474-1A3956D46DE8}") = "Core", "Core", "{1D2EEB8C-6820-4C8D-BED1-2A8B28B0FDDE}"
EndProject
Project("{2150E333-8FDC-42A3-9474-1A3956D46DE8}") = "Services", "Services", "{DFB74B1B-DCCC-46C5-A82B-BF2C17CF1334}"
EndProject
Project("{FAE04EC0-301F-11D3-BF4B-00C04F79EFBC}") = "App.Domain.Core", "App.Domain.Core\App.Domain.Core.csproj", "{1BEB2495-302F-49A0-A528-09DFB55C3C58}"
EndProject
Project("{FAE04EC0-301F-11D3-BF4B-00C04F79EFBC}") = "App.Domain.AppServices", "App.Domain.AppServices\App.Domain.AppServices.csproj", "{CE1F7A77-6439-44AF-8B75-4389A44D4416}"
EndProject
Project("{FAE04EC0-301F-11D3-BF4B-00C04F79EFBC}") = "App.Domain.Services", "App.Domain.Services\App.Domain.Services.csproj", "{5F0852D7-9E8C-4127-9B29-8E08D083CE2A}"
EndProject
Project("{2150E333-8FDC-42A3-9474-1A3956D46DE8}") = "DataAccess", "DataAccess", "{E295EF03-9594-4786-B37C-88EDB406CE69}"
EndProject
Project("{2150E333-8FDC-42A3-9474-1A3956D46DE8}") = "DB", "DB", "{7FE27666-4474-4C85-9C4B-7DF8E39E32ED}"
EndProject
Project("{FAE04EC0-301F-11D3-BF4B-00C04F79EFBC}") = "App.EndPoints.WebAPI", "App.EndPoints.WebAPI\App.EndPoints.WebAPI.csproj", "{67C39627-5E88-468A-B7E0-164FD2A0A433}"
EndProject
Project("{FAE04EC0-301F-11D3-BF4B-00C04F79EFBC}") = "App.Infra.Data.Repos.Ef", "App.Infra.Data.Repos.Ef\App.Infra.Data.Repos.Ef.csproj", "{8243C9E8-7546-4DFD-8893-BCD30935EA19}"
EndProject
Project("{FAE04EC0-301F-11D3-BF4B-00C04F79EFBC}") = "App.Infra.Db.SqlServer.Ef", "App.Infra.Db.SqlServer.Ef\App.Infra.Db.SqlServer.Ef.csproj", "{8176CAA4-E8D8-4106-A862-7C98E8E413B4}"
EndProject
Project("{FAE04EC0-301F-11D3-BF4B-00C04F79EFBC}") = "App.Infra.Data.Repos.ExchaneRatesAPI", "App.Infra.Data.Repos.ExchaneRatesAPI\App.Infra.Data.Repos.ExchaneRatesAPI.csproj", "{4EBB35EE-74A1-447F-9E55-BE048880C531}"
EndProject
Project("{2150E333-8FDC-42A3-9474-1A3956D46DE8}") = "ExternalServices", "ExternalServices", "{4177F17B-6FCE-4F4C-A850-49B3FAD5FE60}"
EndProject
Project("{FAE04EC0-301F-11D3-BF4B-00C04F79EFBC}") = "App.Infra.ExternalServices.ExchaneRatesAPI", "App.Infra.ExternalServices.ExchaneRatesAPI\App.Infra.ExternalServices.ExchaneRatesAPI.csproj", "{7821B223-EEC4-4953-A85D-778E427560EA}"
EndProject
Project("{FAE04EC0-301F-11D3-BF4B-00C04F79EFBC}") = "App.Infra.ExternalServices.CoinMarketCapAPI", "App.Infra.ExternalServices.CoinMarketCapAPI\App.Infra.ExternalServices.CoinMarketCapAPI.csproj", "{B8E4DA28-6519-4825-920E-72A1E721F2F2}"
EndProject
Global
	GlobalSection(SolutionConfigurationPlatforms) = preSolution
		Debug|Any CPU = Debug|Any CPU
		Release|Any CPU = Release|Any CPU
	EndGlobalSection
	GlobalSection(ProjectConfigurationPlatforms) = postSolution
		{1BEB2495-302F-49A0-A528-09DFB55C3C58}.Debug|Any CPU.ActiveCfg = Debug|Any CPU
		{1BEB2495-302F-49A0-A528-09DFB55C3C58}.Debug|Any CPU.Build.0 = Debug|Any CPU
		{1BEB2495-302F-49A0-A528-09DFB55C3C58}.Release|Any CPU.ActiveCfg = Release|Any CPU
		{1BEB2495-302F-49A0-A528-09DFB55C3C58}.Release|Any CPU.Build.0 = Release|Any CPU
		{CE1F7A77-6439-44AF-8B75-4389A44D4416}.Debug|Any CPU.ActiveCfg = Debug|Any CPU
		{CE1F7A77-6439-44AF-8B75-4389A44D4416}.Debug|Any CPU.Build.0 = Debug|Any CPU
		{CE1F7A77-6439-44AF-8B75-4389A44D4416}.Release|Any CPU.ActiveCfg = Release|Any CPU
		{CE1F7A77-6439-44AF-8B75-4389A44D4416}.Release|Any CPU.Build.0 = Release|Any CPU
		{5F0852D7-9E8C-4127-9B29-8E08D083CE2A}.Debug|Any CPU.ActiveCfg = Debug|Any CPU
		{5F0852D7-9E8C-4127-9B29-8E08D083CE2A}.Debug|Any CPU.Build.0 = Debug|Any CPU
		{5F0852D7-9E8C-4127-9B29-8E08D083CE2A}.Release|Any CPU.ActiveCfg = Release|Any CPU
		{5F0852D7-9E8C-4127-9B29-8E08D083CE2A}.Release|Any CPU.Build.0 = Release|Any CPU
		{67C39627-5E88-468A-B7E0-164FD2A0A433}.Debug|Any CPU.ActiveCfg = Debug|Any CPU
		{67C39627-5E88-468A-B7E0-164FD2A0A433}.Debug|Any CPU.Build.0 = Debug|Any CPU
		{67C39627-5E88-468A-B7E0-164FD2A0A433}.Release|Any CPU.ActiveCfg = Release|Any CPU
		{67C39627-5E88-468A-B7E0-164FD2A0A433}.Release|Any CPU.Build.0 = Release|Any CPU
		{8243C9E8-7546-4DFD-8893-BCD30935EA19}.Debug|Any CPU.ActiveCfg = Debug|Any CPU
		{8243C9E8-7546-4DFD-8893-BCD30935EA19}.Debug|Any CPU.Build.0 = Debug|Any CPU
		{8243C9E8-7546-4DFD-8893-BCD30935EA19}.Release|Any CPU.ActiveCfg = Release|Any CPU
		{8243C9E8-7546-4DFD-8893-BCD30935EA19}.Release|Any CPU.Build.0 = Release|Any CPU
		{8176CAA4-E8D8-4106-A862-7C98E8E413B4}.Debug|Any CPU.ActiveCfg = Debug|Any CPU
		{8176CAA4-E8D8-4106-A862-7C98E8E413B4}.Debug|Any CPU.Build.0 = Debug|Any CPU
		{8176CAA4-E8D8-4106-A862-7C98E8E413B4}.Release|Any CPU.ActiveCfg = Release|Any CPU
		{8176CAA4-E8D8-4106-A862-7C98E8E413B4}.Release|Any CPU.Build.0 = Release|Any CPU
		{4EBB35EE-74A1-447F-9E55-BE048880C531}.Debug|Any CPU.ActiveCfg = Debug|Any CPU
		{4EBB35EE-74A1-447F-9E55-BE048880C531}.Debug|Any CPU.Build.0 = Debug|Any CPU
		{4EBB35EE-74A1-447F-9E55-BE048880C531}.Release|Any CPU.ActiveCfg = Release|Any CPU
		{4EBB35EE-74A1-447F-9E55-BE048880C531}.Release|Any CPU.Build.0 = Release|Any CPU
		{7821B223-EEC4-4953-A85D-778E427560EA}.Debug|Any CPU.ActiveCfg = Debug|Any CPU
		{7821B223-EEC4-4953-A85D-778E427560EA}.Debug|Any CPU.Build.0 = Debug|Any CPU
		{7821B223-EEC4-4953-A85D-778E427560EA}.Release|Any CPU.ActiveCfg = Release|Any CPU
		{7821B223-EEC4-4953-A85D-778E427560EA}.Release|Any CPU.Build.0 = Release|Any CPU
		{B8E4DA28-6519-4825-920E-72A1E721F2F2}.Debug|Any CPU.ActiveCfg = Debug|Any CPU
		{B8E4DA28-6519-4825-920E-72A1E721F2F2}.Debug|Any CPU.Build.0 = Debug|Any CPU
		{B8E4DA28-6519-4825-920E-72A1E721F2F2}.Release|Any CPU.ActiveCfg = Release|Any CPU
		{B8E4DA28-6519-4825-920E-72A1E721F2F2}.Release|Any CPU.Build.0 = Release|Any CPU
	EndGlobalSection
	GlobalSection(SolutionProperties) = preSolution
		HideSolutionNode = FALSE
	EndGlobalSection
	GlobalSection(NestedProjects) = preSolution
		{112B74E4-6784-47DC-926B-0132C12A71DF} = {D1F456FE-6599-4657-B881-2D2BF6A1C146}
		{0512A131-476B-4BE1-9CDB-35E71AD9A474} = {D1F456FE-6599-4657-B881-2D2BF6A1C146}
		{4B792AF0-6FB1-4791-BDAB-2E45E96DE46C} = {D1F456FE-6599-4657-B881-2D2BF6A1C146}
		{1D2EEB8C-6820-4C8D-BED1-2A8B28B0FDDE} = {112B74E4-6784-47DC-926B-0132C12A71DF}
		{DFB74B1B-DCCC-46C5-A82B-BF2C17CF1334} = {112B74E4-6784-47DC-926B-0132C12A71DF}
		{1BEB2495-302F-49A0-A528-09DFB55C3C58} = {1D2EEB8C-6820-4C8D-BED1-2A8B28B0FDDE}
		{CE1F7A77-6439-44AF-8B75-4389A44D4416} = {DFB74B1B-DCCC-46C5-A82B-BF2C17CF1334}
		{5F0852D7-9E8C-4127-9B29-8E08D083CE2A} = {DFB74B1B-DCCC-46C5-A82B-BF2C17CF1334}
		{E295EF03-9594-4786-B37C-88EDB406CE69} = {0512A131-476B-4BE1-9CDB-35E71AD9A474}
		{7FE27666-4474-4C85-9C4B-7DF8E39E32ED} = {0512A131-476B-4BE1-9CDB-35E71AD9A474}
		{67C39627-5E88-468A-B7E0-164FD2A0A433} = {4B792AF0-6FB1-4791-BDAB-2E45E96DE46C}
		{8243C9E8-7546-4DFD-8893-BCD30935EA19} = {E295EF03-9594-4786-B37C-88EDB406CE69}
		{8176CAA4-E8D8-4106-A862-7C98E8E413B4} = {7FE27666-4474-4C85-9C4B-7DF8E39E32ED}
		{4EBB35EE-74A1-447F-9E55-BE048880C531} = {E295EF03-9594-4786-B37C-88EDB406CE69}
		{4177F17B-6FCE-4F4C-A850-49B3FAD5FE60} = {0512A131-476B-4BE1-9CDB-35E71AD9A474}
		{7821B223-EEC4-4953-A85D-778E427560EA} = {4177F17B-6FCE-4F4C-A850-49B3FAD5FE60}
		{B8E4DA28-6519-4825-920E-72A1E721F2F2} = {4177F17B-6FCE-4F4C-A850-49B3FAD5FE60}
	EndGlobalSection
	GlobalSection(ExtensibilityGlobals) = postSolution
		SolutionGuid = {367BA0B5-E4C4-40DE-BB51-9CD512B99E02}
	EndGlobalSection
EndGlobal
